// !$*UTF8*$!
{
	archiveVersion = 1;
	classes = {
	};
	objectVersion = 48;
	objects = {

/* Begin PBXBuildFile section */
		C9961FB420187926006EE35F /* AppDelegate.m in Sources */ = {isa = PBXBuildFile; fileRef = C9961FB320187926006EE35F /* AppDelegate.m */; };
		C9961FB720187926006EE35F /* ViewController.m in Sources */ = {isa = PBXBuildFile; fileRef = C9961FB620187926006EE35F /* ViewController.m */; };
		C9961FBA20187926006EE35F /* Main.storyboard in Resources */ = {isa = PBXBuildFile; fileRef = C9961FB820187926006EE35F /* Main.storyboard */; };
		C9961FBC20187926006EE35F /* Assets.xcassets in Resources */ = {isa = PBXBuildFile; fileRef = C9961FBB20187926006EE35F /* Assets.xcassets */; };
		C9961FBF20187926006EE35F /* LaunchScreen.storyboard in Resources */ = {isa = PBXBuildFile; fileRef = C9961FBD20187926006EE35F /* LaunchScreen.storyboard */; };
		C9961FC220187926006EE35F /* main.m in Sources */ = {isa = PBXBuildFile; fileRef = C9961FC120187926006EE35F /* main.m */; };
		C9961FCD20187CBB006EE35F /* MyString.m in Sources */ = {isa = PBXBuildFile; fileRef = C9961FCC20187CBB006EE35F /* MyString.m */; };
/* End PBXBuildFile section */

/* Begin PBXFileReference section */
		C9961FAF20187926006EE35F /* ReferencedTypeTest.app */ = {isa = PBXFileReference; explicitFileType = wrapper.application; includeInIndex = 0; path = ReferencedTypeTest.app; sourceTree = BUILT_PRODUCTS_DIR; };
		C9961FB220187926006EE35F /* AppDelegate.h */ = {isa = PBXFileReference; lastKnownFileType = sourcecode.c.h; path = AppDelegate.h; sourceTree = "<group>"; };
		C9961FB320187926006EE35F /* AppDelegate.m */ = {isa = PBXFileReference; lastKnownFileType = sourcecode.c.objc; path = AppDelegate.m; sourceTree = "<group>"; };
		C9961FB520187926006EE35F /* ViewController.h */ = {isa = PBXFileReference; lastKnownFileType = sourcecode.c.h; path = ViewController.h; sourceTree = "<group>"; };
		C9961FB620187926006EE35F /* ViewController.m */ = {isa = PBXFileReference; lastKnownFileType = sourcecode.c.objc; path = ViewController.m; sourceTree = "<group>"; };
		C9961FB920187926006EE35F /* Base */ = {isa = PBXFileReference; lastKnownFileType = file.storyboard; name = Base; path = Base.lproj/Main.storyboard; sourceTree = "<group>"; };
		C9961FBB20187926006EE35F /* Assets.xcassets */ = {isa = PBXFileReference; lastKnownFileType = folder.assetcatalog; path = Assets.xcassets; sourceTree = "<group>"; };
		C9961FBE20187926006EE35F /* Base */ = {isa = PBXFileReference; lastKnownFileType = file.storyboard; name = Base; path = Base.lproj/LaunchScreen.storyboard; sourceTree = "<group>"; };
		C9961FC020187926006EE35F /* Info.plist */ = {isa = PBXFileReference; lastKnownFileType = text.plist.xml; path = Info.plist; sourceTree = "<group>"; };
		C9961FC120187926006EE35F /* main.m */ = {isa = PBXFileReference; lastKnownFileType = sourcecode.c.objc; path = main.m; sourceTree = "<group>"; };
		C9961FCB20187CBB006EE35F /* MyString.h */ = {isa = PBXFileReference; lastKnownFileType = sourcecode.c.h; path = MyString.h; sourceTree = "<group>"; };
		C9961FCC20187CBB006EE35F /* MyString.m */ = {isa = PBXFileReference; lastKnownFileType = sourcecode.c.objc; path = MyString.m; sourceTree = "<group>"; };
/* End PBXFileReference section */

/* Begin PBXFrameworksBuildPhase section */
		C9961FAC20187926006EE35F /* Frameworks */ = {
			isa = PBXFrameworksBuildPhase;
			buildActionMask = 2147483647;
			files = (
			);
			runOnlyForDeploymentPostprocessing = 0;
		};
/* End PBXFrameworksBuildPhase section */

/* Begin PBXGroup section */
		C9961FA620187926006EE35F = {
			isa = PBXGroup;
			children = (
				C9961FB120187926006EE35F /* ReferencedTypeTest */,
				C9961FB020187926006EE35F /* Products */,
			);
			sourceTree = "<group>";
		};
		C9961FB020187926006EE35F /* Products */ = {
			isa = PBXGroup;
			children = (
				C9961FAF20187926006EE35F /* ReferencedTypeTest.app */,
			);
			name = Products;
			sourceTree = "<group>";
		};
		C9961FB120187926006EE35F /* ReferencedTypeTest */ = {
			isa = PBXGroup;
			children = (
				C9961FB220187926006EE35F /* AppDelegate.h */,
				C9961FB320187926006EE35F /* AppDelegate.m */,
				C9961FB520187926006EE35F /* ViewController.h */,
				C9961FB620187926006EE35F /* ViewController.m */,
				C9961FCB20187CBB006EE35F /* MyString.h */,
				C9961FCC20187CBB006EE35F /* MyString.m */,
				C9961FB820187926006EE35F /* Main.storyboard */,
				C9961FBB20187926006EE35F /* Assets.xcassets */,
				C9961FBD20187926006EE35F /* LaunchScreen.storyboard */,
				C9961FC020187926006EE35F /* Info.plist */,
				C9961FC120187926006EE35F /* main.m */,
			);
			path = ReferencedTypeTest;
			sourceTree = "<group>";
		};
/* End PBXGroup section */

/* Begin PBXNativeTarget section */
		C9961FAE20187926006EE35F /* ReferencedTypeTest */ = {
			isa = PBXNativeTarget;
			buildConfigurationList = C9961FC520187926006EE35F /* Build configuration list for PBXNativeTarget "ReferencedTypeTest" */;
			buildPhases = (
				C9961FAB20187926006EE35F /* Sources */,
				C9961FAC20187926006EE35F /* Frameworks */,
				C9961FAD20187926006EE35F /* Resources */,
			);
			buildRules = (
			);
			dependencies = (
			);
			name = ReferencedTypeTest;
			productName = ReferencedTypeTest;
			productReference = C9961FAF20187926006EE35F /* ReferencedTypeTest.app */;
			productType = "com.apple.product-type.application";
		};
/* End PBXNativeTarget section */

/* Begin PBXProject section */
		C9961FA720187926006EE35F /* Project object */ = {
			isa = PBXProject;
			attributes = {
				LastUpgradeCheck = 0920;
				ORGANIZATIONNAME = Alex;
				TargetAttributes = {
					C9961FAE20187926006EE35F = {
						CreatedOnToolsVersion = 9.2;
						ProvisioningStyle = Automatic;
					};
				};
			};
			buildConfigurationList = C9961FAA20187926006EE35F /* Build configuration list for PBXProject "ReferencedTypeTest" */;
			compatibilityVersion = "Xcode 8.0";
			developmentRegion = en;
			hasScannedForEncodings = 0;
			knownRegions = (
				en,
				Base,
			);
			mainGroup = C9961FA620187926006EE35F;
			productRefGroup = C9961FB020187926006EE35F /* Products */;
			projectDirPath = "";
			projectRoot = "";
			targets = (
				C9961FAE20187926006EE35F /* ReferencedTypeTest */,
			);
		};
/* End PBXProject section */

/* Begin PBXResourcesBuildPhase section */
		C9961FAD20187926006EE35F /* Resources */ = {
			isa = PBXResourcesBuildPhase;
			buildActionMask = 2147483647;
			files = (
				C9961FBF20187926006EE35F /* LaunchScreen.storyboard in Resources */,
				C9961FBC20187926006EE35F /* Assets.xcassets in Resources */,
				C9961FBA20187926006EE35F /* Main.storyboard in Resources */,
			);
			runOnlyForDeploymentPostprocessing = 0;
		};
/* End PBXResourcesBuildPhase section */

/* Begin PBXSourcesBuildPhase section */
		C9961FAB20187926006EE35F /* Sources */ = {
			isa = PBXSourcesBuildPhase;
			buildActionMask = 2147483647;
			files = (
				C9961FB720187926006EE35F /* ViewController.m in Sources */,
				C9961FC220187926006EE35F /* main.m in Sources */,
				C9961FCD20187CBB006EE35F /* MyString.m in Sources */,
				C9961FB420187926006EE35F /* AppDelegate.m in Sources */,
			);
			runOnlyForDeploymentPostprocessing = 0;
		};
/* End PBXSourcesBuildPhase section */

/* Begin PBXVariantGroup section */
		C9961FB820187926006EE35F /* Main.storyboard */ = {
			isa = PBXVariantGroup;
			children = (
				C9961FB920187926006EE35F /* Base */,
			);
			name = Main.storyboard;
			sourceTree = "<group>";
		};
		C9961FBD20187926006EE35F /* LaunchScreen.storyboard */ = {
			isa = PBXVariantGroup;
			children = (
				C9961FBE20187926006EE35F /* Base */,
			);
			name = LaunchScreen.storyboard;
			sourceTree = "<group>";
		};
/* End PBXVariantGroup section */

/* Begin XCBuildConfiguration section */
		C9961FC320187926006EE35F /* Debug */ = {
			isa = XCBuildConfiguration;
			buildSettings = {
				ALWAYS_SEARCH_USER_PATHS = NO;
				CLANG_ANALYZER_NONNULL = YES;
				CLANG_ANALYZER_NUMBER_OBJECT_CONVERSION = YES_AGGRESSIVE;
				CLANG_CXX_LANGUAGE_STANDARD = "gnu++14";
				CLANG_CXX_LIBRARY = "libc++";
				CLANG_ENABLE_MODULES = YES;
				CLANG_ENABLE_OBJC_ARC = YES;
				CLANG_WARN_BLOCK_CAPTURE_AUTORELEASING = YES;
				CLANG_WARN_BOOL_CONVERSION = YES;
				CLANG_WARN_COMMA = YES;
				CLANG_WARN_CONSTANT_CONVERSION = YES;
				CLANG_WARN_DIRECT_OBJC_ISA_USAGE = YES_ERROR;
				CLANG_WARN_DOCUMENTATION_COMMENTS = YES;
				CLANG_WARN_EMPTY_BODY = YES;
				CLANG_WARN_ENUM_CONVERSION = YES;
				CLANG_WARN_INFINITE_RECURSION = YES;
				CLANG_WARN_INT_CONVERSION = YES;
				CLANG_WARN_NON_LITERAL_NULL_CONVERSION = YES;
				CLANG_WARN_OBJC_LITERAL_CONVERSION = YES;
				CLANG_WARN_OBJC_ROOT_CLASS = YES_ERROR;
				CLANG_WARN_RANGE_LOOP_ANALYSIS = YES;
				CLANG_WARN_STRICT_PROTOTYPES = YES;
				CLANG_WARN_SUSPICIOUS_MOVE = YES;
				CLANG_WARN_UNGUARDED_AVAILABILITY = YES_AGGRESSIVE;
				CLANG_WARN_UNREACHABLE_CODE = YES;
				CLANG_WARN__DUPLICATE_METHOD_MATCH = YES;
				CODE_SIGN_IDENTITY = "iPhone Developer";
				COPY_PHASE_STRIP = NO;
				DEBUG_INFORMATION_FORMAT = dwarf;
				ENABLE_STRICT_OBJC_MSGSEND = YES;
				ENABLE_TESTABILITY = YES;
				GCC_C_LANGUAGE_STANDARD = gnu11;
				GCC_DYNAMIC_NO_PIC = NO;
				GCC_NO_COMMON_BLOCKS = YES;
				GCC_OPTIMIZATION_LEVEL = 0;
				GCC_PREPROCESSOR_DEFINITIONS = (
					"DEBUG=1",
					"$(inherited)",
				);
				GCC_WARN_64_TO_32_BIT_CONVERSION = YES;
				GCC_WARN_ABOUT_RETURN_TYPE = YES_ERROR;
				GCC_WARN_UNDECLARED_SELECTOR = YES;
				GCC_WARN_UNINITIALIZED_AUTOS = YES_AGGRESSIVE;
				GCC_WARN_UNUSED_FUNCTION = YES;
				GCC_WARN_UNUSED_VARIABLE = YES;
				IPHONEOS_DEPLOYMENT_TARGET = 11.2;
				MTL_ENABLE_DEBUG_INFO = YES;
				ONLY_ACTIVE_ARCH = YES;
				SDKROOT = iphoneos;
			};
			name = Debug;
		};
		C9961FC420187926006EE35F /* Release */ = {
			isa = XCBuildConfiguration;
			buildSettings = {
				ALWAYS_SEARCH_USER_PATHS = NO;
				CLANG_ANALYZER_NONNULL = YES;
				CLANG_ANALYZER_NUMBER_OBJECT_CONVERSION = YES_AGGRESSIVE;
				CLANG_CXX_LANGUAGE_STANDARD = "gnu++14";
				CLANG_CXX_LIBRARY = "libc++";
				CLANG_ENABLE_MODULES = YES;
				CLANG_ENABLE_OBJC_ARC = YES;
				CLANG_WARN_BLOCK_CAPTURE_AUTORELEASING = YES;
				CLANG_WARN_BOOL_CONVERSION = YES;
				CLANG_WARN_COMMA = YES;
				CLANG_WARN_CONSTANT_CONVERSION = YES;
				CLANG_WARN_DIRECT_OBJC_ISA_USAGE = YES_ERROR;
				CLANG_WARN_DOCUMENTATION_COMMENTS = YES;
				CLANG_WARN_EMPTY_BODY = YES;
				CLANG_WARN_ENUM_CONVERSION = YES;
				CLANG_WARN_INFINITE_RECURSION = YES;
				CLANG_WARN_INT_CONVERSION = YES;
				CLANG_WARN_NON_LITERAL_NULL_CONVERSION = YES;
				CLANG_WARN_OBJC_LITERAL_CONVERSION = YES;
				CLANG_WARN_OBJC_ROOT_CLASS = YES_ERROR;
				CLANG_WARN_RANGE_LOOP_ANALYSIS = YES;
				CLANG_WARN_STRICT_PROTOTYPES = YES;
				CLANG_WARN_SUSPICIOUS_MOVE = YES;
				CLANG_WARN_UNGUARDED_AVAILABILITY = YES_AGGRESSIVE;
				CLANG_WARN_UNREACHABLE_CODE = YES;
				CLANG_WARN__DUPLICATE_METHOD_MATCH = YES;
				CODE_SIGN_IDENTITY = "iPhone Developer";
				COPY_PHASE_STRIP = NO;
				DEBUG_INFORMATION_FORMAT = "dwarf-with-dsym";
				ENABLE_NS_ASSERTIONS = NO;
				ENABLE_STRICT_OBJC_MSGSEND = YES;
				GCC_C_LANGUAGE_STANDARD = gnu11;
				GCC_NO_COMMON_BLOCKS = YES;
				GCC_WARN_64_TO_32_BIT_CONVERSION = YES;
				GCC_WARN_ABOUT_RETURN_TYPE = YES_ERROR;
				GCC_WARN_UNDECLARED_SELECTOR = YES;
				GCC_WARN_UNINITIALIZED_AUTOS = YES_AGGRESSIVE;
				GCC_WARN_UNUSED_FUNCTION = YES;
				GCC_WARN_UNUSED_VARIABLE = YES;
				IPHONEOS_DEPLOYMENT_TARGET = 11.2;
				MTL_ENABLE_DEBUG_INFO = NO;
				SDKROOT = iphoneos;
				VALIDATE_PRODUCT = YES;
			};
			name = Release;
		};
		C9961FC620187926006EE35F /* Debug */ = {
			isa = XCBuildConfiguration;
			buildSettings = {
				ASSETCATALOG_COMPILER_APPICON_NAME = AppIcon;
				CODE_SIGN_STYLE = Automatic;
				DEVELOPMENT_TEAM = TM2JLP7R7H;
				INFOPLIST_FILE = ReferencedTypeTest/Info.plist;
				LD_RUNPATH_SEARCH_PATHS = "$(inherited) @executable_path/Frameworks";
				PRODUCT_BUNDLE_IDENTIFIER = tw.perfect.ReferencedTypeTest;
				PRODUCT_NAME = "$(TARGET_NAME)";
				TARGETED_DEVICE_FAMILY = "1,2";
			};
			name = Debug;
		};
		C9961FC720187926006EE35F /* Release */ = {
			isa = XCBuildConfiguration;
			buildSettings = {
				ASSETCATALOG_COMPILER_APPICON_NAME = AppIcon;
				CODE_SIGN_STYLE = Automatic;
				DEVELOPMENT_TEAM = TM2JLP7R7H;
				INFOPLIST_FILE = ReferencedTypeTest/Info.plist;
				LD_RUNPATH_SEARCH_PATHS = "$(inherited) @executable_path/Frameworks";
				PRODUCT_BUNDLE_IDENTIFIER = tw.perfect.ReferencedTypeTest;
				PRODUCT_NAME = "$(TARGET_NAME)";
				TARGETED_DEVICE_FAMILY = "1,2";
			};
			name = Release;
		};
/* End XCBuildConfiguration section */

/* Begin XCConfigurationList section */
		C9961FAA20187926006EE35F /* Build configuration list for PBXProject "ReferencedTypeTest" */ = {
			isa = XCConfigurationList;
			buildConfigurations = (
				C9961FC320187926006EE35F /* Debug */,
				C9961FC420187926006EE35F /* Release */,
			);
			defaultConfigurationIsVisible = 0;
			defaultConfigurationName = Release;
		};
		C9961FC520187926006EE35F /* Build configuration list for PBXNativeTarget "ReferencedTypeTest" */ = {
			isa = XCConfigurationList;
			buildConfigurations = (
				C9961FC620187926006EE35F /* Debug */,
				C9961FC720187926006EE35F /* Release */,
			);
			defaultConfigurationIsVisible = 0;
			defaultConfigurationName = Release;
		};
/* End XCConfigurationList section */
	};
	rootObject = C9961FA720187926006EE35F /* Project object */;
}
